
Microsoft Visual Studio Solution File, Format Version 12.00
# Visual Studio 15
VisualStudioVersion = 15.0.28307.271
MinimumVisualStudioVersion = 10.0.40219.1
Project("{FAE04EC0-301F-11D3-BF4B-00C04F79EFBC}") = "ProjectClass2", "ProjectClass2\ProjectClass2.csproj", "{05DC6479-7C28-4660-BA8F-24E06B91EE40}"
EndProject
Project("{FAE04EC0-301F-11D3-BF4B-00C04F79EFBC}") = "ProjectClass3", "ProjectClass3\ProjectClass3.csproj", "{868CCE58-B737-48EA-B105-A4C8634F74C7}"
EndProject
Project("{FAE04EC0-301F-11D3-BF4B-00C04F79EFBC}") = "PracticeClass3", "PracticeClass3\PracticeClass3.csproj", "{34EDA8D9-8D54-46DF-BCD0-39E2B7CF985C}"
EndProject
Project("{FAE04EC0-301F-11D3-BF4B-00C04F79EFBC}") = "PracticeClass4", "PracticeClass4\PracticeClass4.csproj", "{A2F912BB-BA2C-435F-8A41-21A775C9DB15}"
EndProject
Project("{FAE04EC0-301F-11D3-BF4B-00C04F79EFBC}") = "PracticeClass4.1", "PracticeClass4.1\PracticeClass4.1.csproj", "{76F28DCC-52BE-4121-A440-34DAA748D66C}"
EndProject
Project("{FAE04EC0-301F-11D3-BF4B-00C04F79EFBC}") = "ProjectClass5", "ProjectClass5\ProjectClass5.csproj", "{241A7F48-09EC-4063-8C74-3BD646F83C11}"
EndProject
Project("{FAE04EC0-301F-11D3-BF4B-00C04F79EFBC}") = "ProjectClass5.1", "ProjectClass5.1\ProjectClass5.1.csproj", "{8BC36A9F-C9E5-4C1B-9334-7A9FD6A68351}"
EndProject
Global
	GlobalSection(SolutionConfigurationPlatforms) = preSolution
		Debug|Any CPU = Debug|Any CPU
		Release|Any CPU = Release|Any CPU
	EndGlobalSection
	GlobalSection(ProjectConfigurationPlatforms) = postSolution
		{05DC6479-7C28-4660-BA8F-24E06B91EE40}.Debug|Any CPU.ActiveCfg = Debug|Any CPU
		{05DC6479-7C28-4660-BA8F-24E06B91EE40}.Debug|Any CPU.Build.0 = Debug|Any CPU
		{05DC6479-7C28-4660-BA8F-24E06B91EE40}.Release|Any CPU.ActiveCfg = Release|Any CPU
		{05DC6479-7C28-4660-BA8F-24E06B91EE40}.Release|Any CPU.Build.0 = Release|Any CPU
		{868CCE58-B737-48EA-B105-A4C8634F74C7}.Debug|Any CPU.ActiveCfg = Debug|Any CPU
		{868CCE58-B737-48EA-B105-A4C8634F74C7}.Debug|Any CPU.Build.0 = Debug|Any CPU
		{868CCE58-B737-48EA-B105-A4C8634F74C7}.Release|Any CPU.ActiveCfg = Release|Any CPU
		{868CCE58-B737-48EA-B105-A4C8634F74C7}.Release|Any CPU.Build.0 = Release|Any CPU
		{34EDA8D9-8D54-46DF-BCD0-39E2B7CF985C}.Debug|Any CPU.ActiveCfg = Debug|Any CPU
		{34EDA8D9-8D54-46DF-BCD0-39E2B7CF985C}.Debug|Any CPU.Build.0 = Debug|Any CPU
		{34EDA8D9-8D54-46DF-BCD0-39E2B7CF985C}.Release|Any CPU.ActiveCfg = Release|Any CPU
		{34EDA8D9-8D54-46DF-BCD0-39E2B7CF985C}.Release|Any CPU.Build.0 = Release|Any CPU
		{A2F912BB-BA2C-435F-8A41-21A775C9DB15}.Debug|Any CPU.ActiveCfg = Debug|Any CPU
		{A2F912BB-BA2C-435F-8A41-21A775C9DB15}.Debug|Any CPU.Build.0 = Debug|Any CPU
		{A2F912BB-BA2C-435F-8A41-21A775C9DB15}.Release|Any CPU.ActiveCfg = Release|Any CPU
		{A2F912BB-BA2C-435F-8A41-21A775C9DB15}.Release|Any CPU.Build.0 = Release|Any CPU
		{76F28DCC-52BE-4121-A440-34DAA748D66C}.Debug|Any CPU.ActiveCfg = Debug|Any CPU
		{76F28DCC-52BE-4121-A440-34DAA748D66C}.Debug|Any CPU.Build.0 = Debug|Any CPU
		{76F28DCC-52BE-4121-A440-34DAA748D66C}.Release|Any CPU.ActiveCfg = Release|Any CPU
		{76F28DCC-52BE-4121-A440-34DAA748D66C}.Release|Any CPU.Build.0 = Release|Any CPU
		{241A7F48-09EC-4063-8C74-3BD646F83C11}.Debug|Any CPU.ActiveCfg = Debug|Any CPU
		{241A7F48-09EC-4063-8C74-3BD646F83C11}.Debug|Any CPU.Build.0 = Debug|Any CPU
		{241A7F48-09EC-4063-8C74-3BD646F83C11}.Release|Any CPU.ActiveCfg = Release|Any CPU
		{241A7F48-09EC-4063-8C74-3BD646F83C11}.Release|Any CPU.Build.0 = Release|Any CPU
		{8BC36A9F-C9E5-4C1B-9334-7A9FD6A68351}.Debug|Any CPU.ActiveCfg = Debug|Any CPU
		{8BC36A9F-C9E5-4C1B-9334-7A9FD6A68351}.Debug|Any CPU.Build.0 = Debug|Any CPU
		{8BC36A9F-C9E5-4C1B-9334-7A9FD6A68351}.Release|Any CPU.ActiveCfg = Release|Any CPU
		{8BC36A9F-C9E5-4C1B-9334-7A9FD6A68351}.Release|Any CPU.Build.0 = Release|Any CPU
	EndGlobalSection
	GlobalSection(SolutionProperties) = preSolution
		HideSolutionNode = FALSE
	EndGlobalSection
	GlobalSection(ExtensibilityGlobals) = postSolution
		SolutionGuid = {DBC9A850-7C95-41D2-8AEA-E3875AC3D5E6}
	EndGlobalSection
EndGlobal
