
Microsoft Visual Studio Solution File, Format Version 12.00
# Visual Studio 15
VisualStudioVersion = 15.0.28307.271
MinimumVisualStudioVersion = 10.0.40219.1
Project("{FAE04EC0-301F-11D3-BF4B-00C04F79EFBC}") = "ProjectClass2", "ProjectClass2\ProjectClass2.csproj", "{05DC6479-7C28-4660-BA8F-24E06B91EE40}"
EndProject
Project("{FAE04EC0-301F-11D3-BF4B-00C04F79EFBC}") = "ProjectClass3", "ProjectClass3\ProjectClass3.csproj", "{868CCE58-B737-48EA-B105-A4C8634F74C7}"
EndProject
Project("{FAE04EC0-301F-11D3-BF4B-00C04F79EFBC}") = "PracticeClass3", "PracticeClass3\PracticeClass3.csproj", "{34EDA8D9-8D54-46DF-BCD0-39E2B7CF985C}"
EndProject
Project("{FAE04EC0-301F-11D3-BF4B-00C04F79EFBC}") = "PracticeClass4", "PracticeClass4\PracticeClass4.csproj", "{A2F912BB-BA2C-435F-8A41-21A775C9DB15}"
EndProject
Project("{FAE04EC0-301F-11D3-BF4B-00C04F79EFBC}") = "PracticeClass4.1", "PracticeClass4.1\PracticeClass4.1.csproj", "{76F28DCC-52BE-4121-A440-34DAA748D66C}"
EndProject
Project("{FAE04EC0-301F-11D3-BF4B-00C04F79EFBC}") = "ProjectClass5", "ProjectClass5\ProjectClass5.csproj", "{241A7F48-09EC-4063-8C74-3BD646F83C11}"
EndProject
Project("{FAE04EC0-301F-11D3-BF4B-00C04F79EFBC}") = "ProjectClass5.1", "ProjectClass5.1\ProjectClass5.1.csproj", "{8BC36A9F-C9E5-4C1B-9334-7A9FD6A68351}"
EndProject
Project("{FAE04EC0-301F-11D3-BF4B-00C04F79EFBC}") = "ProjectClass5.2", "ProjectClass5.2\ProjectClass5.2.csproj", "{4E65FC18-4009-4861-B581-EA1C73BD15CD}"
EndProject
Project("{FAE04EC0-301F-11D3-BF4B-00C04F79EFBC}") = "ProjectClass6", "ProjectClass6\ProjectClass6.csproj", "{A931E1B1-C040-4C36-A823-A07D7BB030F9}"
EndProject
Project("{FAE04EC0-301F-11D3-BF4B-00C04F79EFBC}") = "PiramidExample", "PiramidExample\PiramidExample.csproj", "{39BACBCC-E036-497D-826E-03B5EF721186}"
EndProject
Project("{FAE04EC0-301F-11D3-BF4B-00C04F79EFBC}") = "Assignment2", "Assignment2\Assignment2.csproj", "{3E5E88E1-74D5-49FA-91FF-B43CEE76D829}"
EndProject
Project("{FAE04EC0-301F-11D3-BF4B-00C04F79EFBC}") = "Methods", "Methods\Methods.csproj", "{233D264C-68C1-4B8A-8264-C50E44EBB140}"
EndProject
Project("{FAE04EC0-301F-11D3-BF4B-00C04F79EFBC}") = "Test2_ex1", "Test2_ex1\Test2_ex1.csproj", "{BC735D2A-EC7C-48F2-9641-D9EFAF00742D}"
EndProject
Project("{FAE04EC0-301F-11D3-BF4B-00C04F79EFBC}") = "Arrays", "Arrays\Arrays.csproj", "{0360363B-63B5-4FA3-A5F3-6D7522CD59B7}"
EndProject
Project("{FAE04EC0-301F-11D3-BF4B-00C04F79EFBC}") = "Arrays2", "Arrays2\Arrays2.csproj", "{79FD80C2-2D1C-433F-BC44-35E89037E9EC}"
EndProject
Project("{FAE04EC0-301F-11D3-BF4B-00C04F79EFBC}") = "Assignment3", "Assignment3\Assignment3.csproj", "{E1539EE6-1E2A-421A-AFD1-5C337F8969E5}"
EndProject
Project("{FAE04EC0-301F-11D3-BF4B-00C04F79EFBC}") = "ArraysExercise", "ArraysExercise\ArraysExercise.csproj", "{BF1CD508-498C-45CF-9520-417CB2BFCA3C}"
EndProject
Global
	GlobalSection(SolutionConfigurationPlatforms) = preSolution
		Debug|Any CPU = Debug|Any CPU
		Release|Any CPU = Release|Any CPU
	EndGlobalSection
	GlobalSection(ProjectConfigurationPlatforms) = postSolution
		{05DC6479-7C28-4660-BA8F-24E06B91EE40}.Debug|Any CPU.ActiveCfg = Debug|Any CPU
		{05DC6479-7C28-4660-BA8F-24E06B91EE40}.Debug|Any CPU.Build.0 = Debug|Any CPU
		{05DC6479-7C28-4660-BA8F-24E06B91EE40}.Release|Any CPU.ActiveCfg = Release|Any CPU
		{05DC6479-7C28-4660-BA8F-24E06B91EE40}.Release|Any CPU.Build.0 = Release|Any CPU
		{868CCE58-B737-48EA-B105-A4C8634F74C7}.Debug|Any CPU.ActiveCfg = Debug|Any CPU
		{868CCE58-B737-48EA-B105-A4C8634F74C7}.Debug|Any CPU.Build.0 = Debug|Any CPU
		{868CCE58-B737-48EA-B105-A4C8634F74C7}.Release|Any CPU.ActiveCfg = Release|Any CPU
		{868CCE58-B737-48EA-B105-A4C8634F74C7}.Release|Any CPU.Build.0 = Release|Any CPU
		{34EDA8D9-8D54-46DF-BCD0-39E2B7CF985C}.Debug|Any CPU.ActiveCfg = Debug|Any CPU
		{34EDA8D9-8D54-46DF-BCD0-39E2B7CF985C}.Debug|Any CPU.Build.0 = Debug|Any CPU
		{34EDA8D9-8D54-46DF-BCD0-39E2B7CF985C}.Release|Any CPU.ActiveCfg = Release|Any CPU
		{34EDA8D9-8D54-46DF-BCD0-39E2B7CF985C}.Release|Any CPU.Build.0 = Release|Any CPU
		{A2F912BB-BA2C-435F-8A41-21A775C9DB15}.Debug|Any CPU.ActiveCfg = Debug|Any CPU
		{A2F912BB-BA2C-435F-8A41-21A775C9DB15}.Debug|Any CPU.Build.0 = Debug|Any CPU
		{A2F912BB-BA2C-435F-8A41-21A775C9DB15}.Release|Any CPU.ActiveCfg = Release|Any CPU
		{A2F912BB-BA2C-435F-8A41-21A775C9DB15}.Release|Any CPU.Build.0 = Release|Any CPU
		{76F28DCC-52BE-4121-A440-34DAA748D66C}.Debug|Any CPU.ActiveCfg = Debug|Any CPU
		{76F28DCC-52BE-4121-A440-34DAA748D66C}.Debug|Any CPU.Build.0 = Debug|Any CPU
		{76F28DCC-52BE-4121-A440-34DAA748D66C}.Release|Any CPU.ActiveCfg = Release|Any CPU
		{76F28DCC-52BE-4121-A440-34DAA748D66C}.Release|Any CPU.Build.0 = Release|Any CPU
		{241A7F48-09EC-4063-8C74-3BD646F83C11}.Debug|Any CPU.ActiveCfg = Debug|Any CPU
		{241A7F48-09EC-4063-8C74-3BD646F83C11}.Debug|Any CPU.Build.0 = Debug|Any CPU
		{241A7F48-09EC-4063-8C74-3BD646F83C11}.Release|Any CPU.ActiveCfg = Release|Any CPU
		{241A7F48-09EC-4063-8C74-3BD646F83C11}.Release|Any CPU.Build.0 = Release|Any CPU
		{8BC36A9F-C9E5-4C1B-9334-7A9FD6A68351}.Debug|Any CPU.ActiveCfg = Debug|Any CPU
		{8BC36A9F-C9E5-4C1B-9334-7A9FD6A68351}.Debug|Any CPU.Build.0 = Debug|Any CPU
		{8BC36A9F-C9E5-4C1B-9334-7A9FD6A68351}.Release|Any CPU.ActiveCfg = Release|Any CPU
		{8BC36A9F-C9E5-4C1B-9334-7A9FD6A68351}.Release|Any CPU.Build.0 = Release|Any CPU
		{4E65FC18-4009-4861-B581-EA1C73BD15CD}.Debug|Any CPU.ActiveCfg = Debug|Any CPU
		{4E65FC18-4009-4861-B581-EA1C73BD15CD}.Debug|Any CPU.Build.0 = Debug|Any CPU
		{4E65FC18-4009-4861-B581-EA1C73BD15CD}.Release|Any CPU.ActiveCfg = Release|Any CPU
		{4E65FC18-4009-4861-B581-EA1C73BD15CD}.Release|Any CPU.Build.0 = Release|Any CPU
		{A931E1B1-C040-4C36-A823-A07D7BB030F9}.Debug|Any CPU.ActiveCfg = Debug|Any CPU
		{A931E1B1-C040-4C36-A823-A07D7BB030F9}.Debug|Any CPU.Build.0 = Debug|Any CPU
		{A931E1B1-C040-4C36-A823-A07D7BB030F9}.Release|Any CPU.ActiveCfg = Release|Any CPU
		{A931E1B1-C040-4C36-A823-A07D7BB030F9}.Release|Any CPU.Build.0 = Release|Any CPU
		{39BACBCC-E036-497D-826E-03B5EF721186}.Debug|Any CPU.ActiveCfg = Debug|Any CPU
		{39BACBCC-E036-497D-826E-03B5EF721186}.Debug|Any CPU.Build.0 = Debug|Any CPU
		{39BACBCC-E036-497D-826E-03B5EF721186}.Release|Any CPU.ActiveCfg = Release|Any CPU
		{39BACBCC-E036-497D-826E-03B5EF721186}.Release|Any CPU.Build.0 = Release|Any CPU
		{3E5E88E1-74D5-49FA-91FF-B43CEE76D829}.Debug|Any CPU.ActiveCfg = Debug|Any CPU
		{3E5E88E1-74D5-49FA-91FF-B43CEE76D829}.Debug|Any CPU.Build.0 = Debug|Any CPU
		{3E5E88E1-74D5-49FA-91FF-B43CEE76D829}.Release|Any CPU.ActiveCfg = Release|Any CPU
		{3E5E88E1-74D5-49FA-91FF-B43CEE76D829}.Release|Any CPU.Build.0 = Release|Any CPU
		{233D264C-68C1-4B8A-8264-C50E44EBB140}.Debug|Any CPU.ActiveCfg = Debug|Any CPU
		{233D264C-68C1-4B8A-8264-C50E44EBB140}.Debug|Any CPU.Build.0 = Debug|Any CPU
		{233D264C-68C1-4B8A-8264-C50E44EBB140}.Release|Any CPU.ActiveCfg = Release|Any CPU
		{233D264C-68C1-4B8A-8264-C50E44EBB140}.Release|Any CPU.Build.0 = Release|Any CPU
		{BC735D2A-EC7C-48F2-9641-D9EFAF00742D}.Debug|Any CPU.ActiveCfg = Debug|Any CPU
		{BC735D2A-EC7C-48F2-9641-D9EFAF00742D}.Debug|Any CPU.Build.0 = Debug|Any CPU
		{BC735D2A-EC7C-48F2-9641-D9EFAF00742D}.Release|Any CPU.ActiveCfg = Release|Any CPU
		{BC735D2A-EC7C-48F2-9641-D9EFAF00742D}.Release|Any CPU.Build.0 = Release|Any CPU
		{0360363B-63B5-4FA3-A5F3-6D7522CD59B7}.Debug|Any CPU.ActiveCfg = Debug|Any CPU
		{0360363B-63B5-4FA3-A5F3-6D7522CD59B7}.Debug|Any CPU.Build.0 = Debug|Any CPU
		{0360363B-63B5-4FA3-A5F3-6D7522CD59B7}.Release|Any CPU.ActiveCfg = Release|Any CPU
		{0360363B-63B5-4FA3-A5F3-6D7522CD59B7}.Release|Any CPU.Build.0 = Release|Any CPU
		{79FD80C2-2D1C-433F-BC44-35E89037E9EC}.Debug|Any CPU.ActiveCfg = Debug|Any CPU
		{79FD80C2-2D1C-433F-BC44-35E89037E9EC}.Debug|Any CPU.Build.0 = Debug|Any CPU
		{79FD80C2-2D1C-433F-BC44-35E89037E9EC}.Release|Any CPU.ActiveCfg = Release|Any CPU
		{79FD80C2-2D1C-433F-BC44-35E89037E9EC}.Release|Any CPU.Build.0 = Release|Any CPU
		{E1539EE6-1E2A-421A-AFD1-5C337F8969E5}.Debug|Any CPU.ActiveCfg = Debug|Any CPU
		{E1539EE6-1E2A-421A-AFD1-5C337F8969E5}.Debug|Any CPU.Build.0 = Debug|Any CPU
		{E1539EE6-1E2A-421A-AFD1-5C337F8969E5}.Release|Any CPU.ActiveCfg = Release|Any CPU
		{E1539EE6-1E2A-421A-AFD1-5C337F8969E5}.Release|Any CPU.Build.0 = Release|Any CPU
		{BF1CD508-498C-45CF-9520-417CB2BFCA3C}.Debug|Any CPU.ActiveCfg = Debug|Any CPU
		{BF1CD508-498C-45CF-9520-417CB2BFCA3C}.Debug|Any CPU.Build.0 = Debug|Any CPU
		{BF1CD508-498C-45CF-9520-417CB2BFCA3C}.Release|Any CPU.ActiveCfg = Release|Any CPU
		{BF1CD508-498C-45CF-9520-417CB2BFCA3C}.Release|Any CPU.Build.0 = Release|Any CPU
	EndGlobalSection
	GlobalSection(SolutionProperties) = preSolution
		HideSolutionNode = FALSE
	EndGlobalSection
	GlobalSection(ExtensibilityGlobals) = postSolution
		SolutionGuid = {DBC9A850-7C95-41D2-8AEA-E3875AC3D5E6}
	EndGlobalSection
EndGlobal
